{
  "name": "scratch-consumer",
  "version": "1.0.0",
  "lockfileVersion": 3,
  "requires": true,
  "packages": {
    "": {
      "name": "scratch-consumer",
      "version": "1.0.0",
      "license": "ISC",
      "dependencies": {
        "aba-payway-ts": "file:../aba-payway-ts-0.1.0.tgz"
      }
    },
    "node_modules/aba-payway-ts": {
      "version": "0.1.0",
      "resolved": "file:../aba-payway-ts-0.1.0.tgz",
      "integrity": "sha512-NRB2K5Sr27ha8x6nNAOJBkzYkHmkGp6eGz9SS0BRPFlXJZNdi/aSc8T99e/aYtUrJpuzqJElovge/c9L//OT+Q==",
      "license": "MIT",
      "engines": {
        "node": ">=18.0.0"
      }
    }
  }
}
